
Microsoft Visual Studio Solution File, Format Version 12.00
# Visual Studio Version 16
VisualStudioVersion = 16.0.31424.327
MinimumVisualStudioVersion = 10.0.40219.1
Project("{FAE04EC0-301F-11D3-BF4B-00C04F79EFBC}") = "CloudFlightMonitor", "CloudFlightMonitor.csproj", "{6B75A757-B764-4F10-B342-7CA62E36D38D}"
EndProject
Global
	GlobalSection(SolutionConfigurationPlatforms) = preSolution
		Debug|Any CPU = Debug|Any CPU
		Release|Any CPU = Release|Any CPU
	EndGlobalSection
	GlobalSection(ProjectConfigurationPlatforms) = postSolution
		{6B75A757-B764-4F10-B342-7CA62E36D38D}.Debug|Any CPU.ActiveCfg = Debug|Any CPU
		{6B75A757-B764-4F10-B342-7CA62E36D38D}.Debug|Any CPU.Build.0 = Debug|Any CPU
		{6B75A757-B764-4F10-B342-7CA62E36D38D}.Release|Any CPU.ActiveCfg = Release|Any CPU
		{6B75A757-B764-4F10-B342-7CA62E36D38D}.Release|Any CPU.Build.0 = Release|Any CPU
	EndGlobalSection
	GlobalSection(SolutionProperties) = preSolution
		HideSolutionNode = FALSE
	EndGlobalSection
	GlobalSection(ExtensibilityGlobals) = postSolution
		SolutionGuid = {BC47B9F3-166D-4AE5-B9DA-7F1A56915C6F}
	EndGlobalSection
EndGlobal
